
Microsoft Visual Studio Solution File, Format Version 12.00
# Visual Studio Version 16
VisualStudioVersion = 16.0.31205.134
MinimumVisualStudioVersion = 10.0.40219.1
Project("{9A19103F-16F7-4668-BE54-9A1E7A4F7556}") = "DemoWPFApp", "DemoWPFApp\DemoWPFApp.csproj", "{FFEFD6AA-44EA-4F1A-A147-22252B69EBF0}"
EndProject
Project("{FAE04EC0-301F-11D3-BF4B-00C04F79EFBC}") = "DemoWinFormApp", "DemoWinFormApp\DemoWinFormApp.csproj", "{E5631647-B95D-4489-B1F2-AF2D8B9FC4CE}"
EndProject
Project("{FAE04EC0-301F-11D3-BF4B-00C04F79EFBC}") = "VideoRemoteController", "VideoRemoteController\VideoRemoteController.csproj", "{3DC8DF2F-3202-4510-B21D-C87F6727896E}"
EndProject
Project("{FAE04EC0-301F-11D3-BF4B-00C04F79EFBC}") = "PhoneAsPrompter", "PhoneAsPrompter\PhoneAsPrompter.csproj", "{C047888C-FD7C-45F3-BA5E-2C77A040B0D1}"
EndProject
Global
	GlobalSection(SolutionConfigurationPlatforms) = preSolution
		Debug|Any CPU = Debug|Any CPU
		Release|Any CPU = Release|Any CPU
	EndGlobalSection
	GlobalSection(ProjectConfigurationPlatforms) = postSolution
		{FFEFD6AA-44EA-4F1A-A147-22252B69EBF0}.Debug|Any CPU.ActiveCfg = Debug|Any CPU
		{FFEFD6AA-44EA-4F1A-A147-22252B69EBF0}.Debug|Any CPU.Build.0 = Debug|Any CPU
		{FFEFD6AA-44EA-4F1A-A147-22252B69EBF0}.Release|Any CPU.ActiveCfg = Release|Any CPU
		{FFEFD6AA-44EA-4F1A-A147-22252B69EBF0}.Release|Any CPU.Build.0 = Release|Any CPU
		{E5631647-B95D-4489-B1F2-AF2D8B9FC4CE}.Debug|Any CPU.ActiveCfg = Debug|Any CPU
		{E5631647-B95D-4489-B1F2-AF2D8B9FC4CE}.Debug|Any CPU.Build.0 = Debug|Any CPU
		{E5631647-B95D-4489-B1F2-AF2D8B9FC4CE}.Release|Any CPU.ActiveCfg = Release|Any CPU
		{E5631647-B95D-4489-B1F2-AF2D8B9FC4CE}.Release|Any CPU.Build.0 = Release|Any CPU
		{3DC8DF2F-3202-4510-B21D-C87F6727896E}.Debug|Any CPU.ActiveCfg = Debug|Any CPU
		{3DC8DF2F-3202-4510-B21D-C87F6727896E}.Debug|Any CPU.Build.0 = Debug|Any CPU
		{3DC8DF2F-3202-4510-B21D-C87F6727896E}.Release|Any CPU.ActiveCfg = Release|Any CPU
		{3DC8DF2F-3202-4510-B21D-C87F6727896E}.Release|Any CPU.Build.0 = Release|Any CPU
		{C047888C-FD7C-45F3-BA5E-2C77A040B0D1}.Debug|Any CPU.ActiveCfg = Debug|Any CPU
		{C047888C-FD7C-45F3-BA5E-2C77A040B0D1}.Debug|Any CPU.Build.0 = Debug|Any CPU
		{C047888C-FD7C-45F3-BA5E-2C77A040B0D1}.Release|Any CPU.ActiveCfg = Release|Any CPU
		{C047888C-FD7C-45F3-BA5E-2C77A040B0D1}.Release|Any CPU.Build.0 = Release|Any CPU
	EndGlobalSection
	GlobalSection(SolutionProperties) = preSolution
		HideSolutionNode = FALSE
	EndGlobalSection
	GlobalSection(ExtensibilityGlobals) = postSolution
		SolutionGuid = {96EEEBC3-9A4A-4C94-81EB-EA0DF03D7A68}
	EndGlobalSection
EndGlobal
